
Microsoft Visual Studio Solution File, Format Version 12.00
# Visual Studio 15
VisualStudioVersion = 15.0.28307.329
MinimumVisualStudioVersion = 10.0.40219.1
Project("{FAE04EC0-301F-11D3-BF4B-00C04F79EFBC}") = "testTree2", "testTree2\testTree2.csproj", "{8FA9FCE7-4BFD-4274-BB25-7CE7868437BC}"
EndProject
Global
	GlobalSection(SolutionConfigurationPlatforms) = preSolution
		Debug|Any CPU = Debug|Any CPU
		Release|Any CPU = Release|Any CPU
	EndGlobalSection
	GlobalSection(ProjectConfigurationPlatforms) = postSolution
		{8FA9FCE7-4BFD-4274-BB25-7CE7868437BC}.Debug|Any CPU.ActiveCfg = Debug|Any CPU
		{8FA9FCE7-4BFD-4274-BB25-7CE7868437BC}.Debug|Any CPU.Build.0 = Debug|Any CPU
		{8FA9FCE7-4BFD-4274-BB25-7CE7868437BC}.Release|Any CPU.ActiveCfg = Release|Any CPU
		{8FA9FCE7-4BFD-4274-BB25-7CE7868437BC}.Release|Any CPU.Build.0 = Release|Any CPU
	EndGlobalSection
	GlobalSection(SolutionProperties) = preSolution
		HideSolutionNode = FALSE
	EndGlobalSection
	GlobalSection(ExtensibilityGlobals) = postSolution
		SolutionGuid = {D86CC9FD-7A60-4DF5-A04B-AF4AC56B8032}
	EndGlobalSection
EndGlobal
